
Microsoft Visual Studio Solution File, Format Version 12.00
# Visual Studio Version 17
VisualStudioVersion = 17.7.34024.191
MinimumVisualStudioVersion = 10.0.40219.1
Project("{FAE04EC0-301F-11D3-BF4B-00C04F79EFBC}") = "Loops", "Loops\Loops.csproj", "{06387A6B-1DFD-4190-9F82-BEA3ED17A043}"
EndProject
Project("{FAE04EC0-301F-11D3-BF4B-00C04F79EFBC}") = "Selections", "Selections\Selections.csproj", "{584A72C9-7209-4E91-A490-A1A924CA3518}"
EndProject
Project("{FAE04EC0-301F-11D3-BF4B-00C04F79EFBC}") = "SelectionsExercises", "SelectionsExercises\SelectionsExercises.csproj", "{D2BECF0E-A5A6-4760-9078-043F3A691300}"
EndProject
Project("{FAE04EC0-301F-11D3-BF4B-00C04F79EFBC}") = "LoopExercises", "LoopExercises\LoopExercises.csproj", "{B4D01B41-ED04-4A91-9C35-4247F7C77A1E}"
EndProject
Global
	GlobalSection(SolutionConfigurationPlatforms) = preSolution
		Debug|Any CPU = Debug|Any CPU
		Release|Any CPU = Release|Any CPU
	EndGlobalSection
	GlobalSection(ProjectConfigurationPlatforms) = postSolution
		{06387A6B-1DFD-4190-9F82-BEA3ED17A043}.Debug|Any CPU.ActiveCfg = Debug|Any CPU
		{06387A6B-1DFD-4190-9F82-BEA3ED17A043}.Debug|Any CPU.Build.0 = Debug|Any CPU
		{06387A6B-1DFD-4190-9F82-BEA3ED17A043}.Release|Any CPU.ActiveCfg = Release|Any CPU
		{06387A6B-1DFD-4190-9F82-BEA3ED17A043}.Release|Any CPU.Build.0 = Release|Any CPU
		{584A72C9-7209-4E91-A490-A1A924CA3518}.Debug|Any CPU.ActiveCfg = Debug|Any CPU
		{584A72C9-7209-4E91-A490-A1A924CA3518}.Debug|Any CPU.Build.0 = Debug|Any CPU
		{584A72C9-7209-4E91-A490-A1A924CA3518}.Release|Any CPU.ActiveCfg = Release|Any CPU
		{584A72C9-7209-4E91-A490-A1A924CA3518}.Release|Any CPU.Build.0 = Release|Any CPU
		{D2BECF0E-A5A6-4760-9078-043F3A691300}.Debug|Any CPU.ActiveCfg = Debug|Any CPU
		{D2BECF0E-A5A6-4760-9078-043F3A691300}.Debug|Any CPU.Build.0 = Debug|Any CPU
		{D2BECF0E-A5A6-4760-9078-043F3A691300}.Release|Any CPU.ActiveCfg = Release|Any CPU
		{D2BECF0E-A5A6-4760-9078-043F3A691300}.Release|Any CPU.Build.0 = Release|Any CPU
		{B4D01B41-ED04-4A91-9C35-4247F7C77A1E}.Debug|Any CPU.ActiveCfg = Debug|Any CPU
		{B4D01B41-ED04-4A91-9C35-4247F7C77A1E}.Debug|Any CPU.Build.0 = Debug|Any CPU
		{B4D01B41-ED04-4A91-9C35-4247F7C77A1E}.Release|Any CPU.ActiveCfg = Release|Any CPU
		{B4D01B41-ED04-4A91-9C35-4247F7C77A1E}.Release|Any CPU.Build.0 = Release|Any CPU
	EndGlobalSection
	GlobalSection(SolutionProperties) = preSolution
		HideSolutionNode = FALSE
	EndGlobalSection
	GlobalSection(ExtensibilityGlobals) = postSolution
		SolutionGuid = {C102F2B0-6A27-4533-9351-7342B1CB5DBB}
	EndGlobalSection
EndGlobal
